<?xml version="1.0" encoding="UTF-8" standalone="yes" ?>
<CodeBlocks_project_file>
	<FileVersion major="1" minor="6" />
	<Project>
		<Option title="Linux" />
		<Option pch_mode="2" />
		<Option compiler="gcc" />
		<Build>
			<Target title="Debug">
				<Option output="../bin/exampleLinux" prefix_auto="1" extension_auto="1" />
				<Option working_dir="../bin" />
				<Option object_output="../bin/_obj" />
				<Option type="1" />
				<Option compiler="gcc" />
				<Compiler>
					<Add option="-g" />
				</Compiler>
			</Target>
		</Build>
		<Compiler>
			<Add option="-Wall" />
			<Add option="-Wno-unused-function" />
			<Add option="-fexceptions" />
			<Add directory="../include" />
			<Add directory="../include/png" />
			<Add directory="../include/zlib" />
			<Add directory="../bin" />
			<Add directory="/usr/lib/nvidia-304-updates" />
		</Compiler>
		<Linker>
			<Add library="pthread" />
			<Add library="glut" />
			<Add library="GL" />
			<Add library="GLU" />
			<Add library="../lib/libglui_linux.a" />
			<Add library="../lib/libpng12_linux64.a" />
			<Add library="z" />
		</Linker>
		<Unit filename="Engine/Camera/Camera.cpp" />
		<Unit filename="Engine/Camera/Camera.h" />
		<Unit filename="Engine/GameManager.cpp" />
		<Unit filename="Engine/GameManager.h" />
		<Unit filename="Engine/GameObject.cpp" />
		<Unit filename="Engine/GameObject.h" />
		<Unit filename="Engine/Light/PointLight.cpp" />
		<Unit filename="Engine/Light/PointLight.h" />
		<Unit filename="Engine/Light/SpotLight.cpp" />
		<Unit filename="Engine/Light/SpotLight.h" />
		<Unit filename="Engine/Main.cpp" />
		<Unit filename="Engine/Material/Material.cpp" />
		<Unit filename="Engine/Material/Material.h" />
		<Unit filename="Engine/Material/glcTexture.cpp" />
		<Unit filename="Engine/Material/glcTexture.h" />
		<Unit filename="Engine/Mesh.h" />
		<Unit filename="Engine/ObjReader/ObjReader.h" />
		<Unit filename="Engine/ObjReader/glm.cpp" />
		<Unit filename="Engine/ObjReader/glm.h" />
		<Unit filename="Engine/Physics/Collider.cpp" />
		<Unit filename="Engine/Physics/Collider.h" />
		<Unit filename="Engine/Physics/PlaneCollider.cpp" />
		<Unit filename="Engine/Physics/PlaneCollider.h" />
		<Unit filename="Engine/Physics/SphereCollider.cpp" />
		<Unit filename="Engine/Physics/SphereCollider.h" />
		<Unit filename="Engine/Vertex3d.cpp" />
		<Unit filename="Engine/Vertex3d.h" />
		<Unit filename="Engine/glcText.cpp" />
		<Unit filename="Engine/glcText.h" />
		<Unit filename="Interface/Interface.cpp" />
		<Unit filename="Interface/Interface.h" />
		<Unit filename="Interface/Menu.cpp" />
		<Unit filename="Interface/Menu.h" />
		<Unit filename="Objects/Ball.cpp" />
		<Unit filename="Objects/Ball.h" />
		<Unit filename="Objects/Player.cpp" />
		<Unit filename="Objects/Player.h" />
		<Unit filename="Objects/Wall.cpp" />
		<Unit filename="Objects/Wall.h" />
		<Unit filename="Scripts/CameraController.h" />
		<Unit filename="Scripts/Cenario.h" />
		<Unit filename="Scripts/LightController.h" />
		<Unit filename="Scripts/Objects.h" />
		<Extensions>
			<code_completion />
			<debugger />
			<envvars />
		</Extensions>
	</Project>
</CodeBlocks_project_file>
