<?xml version="1.0" encoding="UTF-8" standalone="yes" ?>
<CodeBlocks_project_file>
	<FileVersion major="1" minor="6" />
	<Project>
		<Option title="Windows" />
		<Option pch_mode="2" />
		<Option compiler="gcc" />
		<Build>
			<Target title="Debug">
				<Option output="../bin/project.exe" prefix_auto="0" extension_auto="0" />
				<Option working_dir="../bin" />
				<Option object_output="../bin/_obj" />
				<Option type="1" />
				<Option compiler="gcc" />
				<Option use_console_runner="0" />
				<Compiler>
					<Add option="-g" />
					<Add directory="include" />
				</Compiler>
			</Target>
		</Build>
		<Compiler>
			<Add option="-Wall" />
			<Add option="-Wno-unused-function" />
			<Add option="-fexceptions" />
			<Add directory="../bin/SFML-2.3.2/bin" />
			<Add directory="../bin/SFML-2.3.2/include" />
			<Add directory="../include" />
			<Add directory="../include/png" />
			<Add directory="../include/zlib" />
		</Compiler>
		<ResourceCompiler>
			<Add directory="../SFML-2.3.2" />
		</ResourceCompiler>
		<Linker>
			<Add library="../bin/SFML-2.3.2/lib/libsfml-system.a" />
			<Add library="../bin/SFML-2.3.2/lib/libsfml-audio.a" />
			<Add library="libpng.a" />
			<Add library="libz.a" />
			<Add library="libglui32.a" />
			<Add library="libopengl32.a" />
			<Add library="libglu32.a" />
			<Add library="libfreeglut.a" />
			<Add library="libglew32.a" />
			<Add library="libglew32.dll.a" />
			<Add directory="../lib" />
			<Add directory="../bin/SFML-2.3.2/lib" />
		</Linker>
		<Unit filename="Engine/Camera/Camera.cpp" />
		<Unit filename="Engine/Camera/Camera.h" />
		<Unit filename="Engine/GameManager.cpp" />
		<Unit filename="Engine/GameManager.h" />
		<Unit filename="Engine/GameObject.cpp" />
		<Unit filename="Engine/GameObject.h" />
		<Unit filename="Engine/Light/PointLight.cpp" />
		<Unit filename="Engine/Light/PointLight.h" />
		<Unit filename="Engine/Light/SpotLight.cpp" />
		<Unit filename="Engine/Light/SpotLight.h" />
		<Unit filename="Engine/Main.cpp" />
		<Unit filename="Engine/Material/Material.cpp" />
		<Unit filename="Engine/Material/Material.h" />
		<Unit filename="Engine/Material/glcTexture.cpp" />
		<Unit filename="Engine/Material/glcTexture.h" />
		<Unit filename="Engine/Mesh.h" />
		<Unit filename="Engine/ObjReader/ObjReader.h" />
		<Unit filename="Engine/ObjReader/glm.cpp" />
		<Unit filename="Engine/ObjReader/glm.h" />
		<Unit filename="Engine/Physics/Collider.cpp" />
		<Unit filename="Engine/Physics/Collider.h" />
		<Unit filename="Engine/Physics/PlaneCollider.cpp" />
		<Unit filename="Engine/Physics/PlaneCollider.h" />
		<Unit filename="Engine/Physics/SphereCollider.cpp" />
		<Unit filename="Engine/Physics/SphereCollider.h" />
		<Unit filename="Engine/ShadowCreator.h" />
		<Unit filename="Engine/Vertex3d.cpp" />
		<Unit filename="Engine/Vertex3d.h" />
		<Unit filename="Engine/glcText.cpp" />
		<Unit filename="Engine/glcText.h" />
		<Unit filename="Interface/Interface.cpp" />
		<Unit filename="Interface/Interface.h" />
		<Unit filename="Interface/Menu.cpp" />
		<Unit filename="Interface/Menu.h" />
		<Unit filename="Objects/Ball.cpp" />
		<Unit filename="Objects/Ball.h" />
		<Unit filename="Objects/Player.cpp" />
		<Unit filename="Objects/Player.h" />
		<Unit filename="Objects/Wall.cpp" />
		<Unit filename="Objects/Wall.h" />
		<Unit filename="Scripts/CameraController.h" />
		<Unit filename="Scripts/Cenario.h" />
		<Unit filename="Scripts/LightController.h" />
		<Unit filename="Scripts/Objects.h" />
		<Unit filename="Sounds/SoundManager.cpp" />
		<Unit filename="Sounds/SoundManager.h" />
		<Extensions>
			<code_completion />
			<debugger />
			<envvars />
			<DoxyBlocks>
				<comment_style block="0" line="0" />
				<doxyfile_project />
				<doxyfile_build />
				<doxyfile_warnings />
				<doxyfile_output />
				<doxyfile_dot />
				<general />
			</DoxyBlocks>
		</Extensions>
	</Project>
</CodeBlocks_project_file>
